// !$*UTF8*$!
{
	archiveVersion = 1;
	classes = {
	};
	objectVersion = 46;
	objects = {

/* Begin PBXBuildFile section */
		44112D851B8CA7DA00263C02 /* StringGameScene.sks in Resources */ = {isa = PBXBuildFile; fileRef = 44112D841B8CA7DA00263C02 /* StringGameScene.sks */; };
		44112D871B8CA7FB00263C02 /* StringGameScene.swift in Sources */ = {isa = PBXBuildFile; fileRef = 44112D861B8CA7FB00263C02 /* StringGameScene.swift */; };
		44112D8A1B8CAD6D00263C02 /* backgroundGame2.jpg in Resources */ = {isa = PBXBuildFile; fileRef = 44112D891B8CAD6D00263C02 /* backgroundGame2.jpg */; };
		44112D8C1B8CADE400263C02 /* backgroundGame3.jpg in Resources */ = {isa = PBXBuildFile; fileRef = 44112D8B1B8CADE400263C02 /* backgroundGame3.jpg */; };
		44112D8E1B8CAFC900263C02 /* AttackGameScene.swift in Sources */ = {isa = PBXBuildFile; fileRef = 44112D8D1B8CAFC900263C02 /* AttackGameScene.swift */; };
		44112D901B8CB00400263C02 /* EaterGameScene.swift in Sources */ = {isa = PBXBuildFile; fileRef = 44112D8F1B8CB00400263C02 /* EaterGameScene.swift */; };
		44112D921B8CB02100263C02 /* EaterGameScene.sks in Resources */ = {isa = PBXBuildFile; fileRef = 44112D911B8CB02100263C02 /* EaterGameScene.sks */; };
		44112D941B8CB13600263C02 /* AttackGameScene.sks in Resources */ = {isa = PBXBuildFile; fileRef = 44112D931B8CB13600263C02 /* AttackGameScene.sks */; };
		44112D961B8CBAC400263C02 /* back.png in Resources */ = {isa = PBXBuildFile; fileRef = 44112D951B8CBAC400263C02 /* back.png */; };
		4449180E1B8F40FB00DD81E1 /* eaterGameScene.png in Resources */ = {isa = PBXBuildFile; fileRef = 4449180D1B8F40FB00DD81E1 /* eaterGameScene.png */; };
		444918101B8F41FA00DD81E1 /* stringGameScene.jpg in Resources */ = {isa = PBXBuildFile; fileRef = 4449180F1B8F41FA00DD81E1 /* stringGameScene.jpg */; };
		444918121B8F475100DD81E1 /* colcheia.png in Resources */ = {isa = PBXBuildFile; fileRef = 444918111B8F475100DD81E1 /* colcheia.png */; };
		447DA6031B88C7B000943378 /* AppDelegate.swift in Sources */ = {isa = PBXBuildFile; fileRef = 447DA6021B88C7B000943378 /* AppDelegate.swift */; };
		447DA6051B88C7B000943378 /* GameScene.sks in Resources */ = {isa = PBXBuildFile; fileRef = 447DA6041B88C7B000943378 /* GameScene.sks */; };
		447DA6071B88C7B000943378 /* GameScene.swift in Sources */ = {isa = PBXBuildFile; fileRef = 447DA6061B88C7B000943378 /* GameScene.swift */; };
		447DA6091B88C7B000943378 /* GameViewController.swift in Sources */ = {isa = PBXBuildFile; fileRef = 447DA6081B88C7B000943378 /* GameViewController.swift */; };
		447DA60C1B88C7B000943378 /* Main.storyboard in Resources */ = {isa = PBXBuildFile; fileRef = 447DA60A1B88C7B000943378 /* Main.storyboard */; };
		447DA60E1B88C7B000943378 /* Images.xcassets in Resources */ = {isa = PBXBuildFile; fileRef = 447DA60D1B88C7B000943378 /* Images.xcassets */; };
		447DA6111B88C7B000943378 /* LaunchScreen.xib in Resources */ = {isa = PBXBuildFile; fileRef = 447DA60F1B88C7B000943378 /* LaunchScreen.xib */; };
		447DA61D1B88C7B000943378 /* MathMusicProjectTests.swift in Sources */ = {isa = PBXBuildFile; fileRef = 447DA61C1B88C7B000943378 /* MathMusicProjectTests.swift */; };
		447DA6271B88C9D200943378 /* MenuScene.swift in Sources */ = {isa = PBXBuildFile; fileRef = 447DA6261B88C9D200943378 /* MenuScene.swift */; };
		447DA6291B88C9E600943378 /* MenuScene.sks in Resources */ = {isa = PBXBuildFile; fileRef = 447DA6281B88C9E600943378 /* MenuScene.sks */; };
		447DA62F1B88CEB800943378 /* menuBackground.jpg in Resources */ = {isa = PBXBuildFile; fileRef = 447DA62E1B88CEB800943378 /* menuBackground.jpg */; };
		447DA6331B88D99800943378 /* Note1.atlas in Resources */ = {isa = PBXBuildFile; fileRef = 447DA6321B88D99800943378 /* Note1.atlas */; };
/* End PBXBuildFile section */

/* Begin PBXContainerItemProxy section */
		447DA6171B88C7B000943378 /* PBXContainerItemProxy */ = {
			isa = PBXContainerItemProxy;
			containerPortal = 447DA5F51B88C7B000943378 /* Project object */;
			proxyType = 1;
			remoteGlobalIDString = 447DA5FC1B88C7B000943378;
			remoteInfo = MathMusicProject;
		};
/* End PBXContainerItemProxy section */

/* Begin PBXFileReference section */
		44112D841B8CA7DA00263C02 /* StringGameScene.sks */ = {isa = PBXFileReference; lastKnownFileType = file.sks; path = StringGameScene.sks; sourceTree = "<group>"; };
		44112D861B8CA7FB00263C02 /* StringGameScene.swift */ = {isa = PBXFileReference; fileEncoding = 4; lastKnownFileType = sourcecode.swift; path = StringGameScene.swift; sourceTree = "<group>"; };
		44112D891B8CAD6D00263C02 /* backgroundGame2.jpg */ = {isa = PBXFileReference; lastKnownFileType = image.jpeg; path = backgroundGame2.jpg; sourceTree = "<group>"; };
		44112D8B1B8CADE400263C02 /* backgroundGame3.jpg */ = {isa = PBXFileReference; lastKnownFileType = image.jpeg; path = backgroundGame3.jpg; sourceTree = "<group>"; };
		44112D8D1B8CAFC900263C02 /* AttackGameScene.swift */ = {isa = PBXFileReference; fileEncoding = 4; lastKnownFileType = sourcecode.swift; path = AttackGameScene.swift; sourceTree = "<group>"; };
		44112D8F1B8CB00400263C02 /* EaterGameScene.swift */ = {isa = PBXFileReference; fileEncoding = 4; lastKnownFileType = sourcecode.swift; path = EaterGameScene.swift; sourceTree = "<group>"; };
		44112D911B8CB02100263C02 /* EaterGameScene.sks */ = {isa = PBXFileReference; lastKnownFileType = file.sks; path = EaterGameScene.sks; sourceTree = "<group>"; };
		44112D931B8CB13600263C02 /* AttackGameScene.sks */ = {isa = PBXFileReference; lastKnownFileType = file.sks; path = AttackGameScene.sks; sourceTree = "<group>"; };
		44112D951B8CBAC400263C02 /* back.png */ = {isa = PBXFileReference; lastKnownFileType = image.png; path = back.png; sourceTree = "<group>"; };
		4449180D1B8F40FB00DD81E1 /* eaterGameScene.png */ = {isa = PBXFileReference; lastKnownFileType = image.png; path = eaterGameScene.png; sourceTree = "<group>"; };
		4449180F1B8F41FA00DD81E1 /* stringGameScene.jpg */ = {isa = PBXFileReference; lastKnownFileType = image.jpeg; path = stringGameScene.jpg; sourceTree = "<group>"; };
		444918111B8F475100DD81E1 /* colcheia.png */ = {isa = PBXFileReference; lastKnownFileType = image.png; path = colcheia.png; sourceTree = "<group>"; };
		447DA5FD1B88C7B000943378 /* MathMusicProject.app */ = {isa = PBXFileReference; explicitFileType = wrapper.application; includeInIndex = 0; path = MathMusicProject.app; sourceTree = BUILT_PRODUCTS_DIR; };
		447DA6011B88C7B000943378 /* Info.plist */ = {isa = PBXFileReference; lastKnownFileType = text.plist.xml; path = Info.plist; sourceTree = "<group>"; };
		447DA6021B88C7B000943378 /* AppDelegate.swift */ = {isa = PBXFileReference; lastKnownFileType = sourcecode.swift; path = AppDelegate.swift; sourceTree = "<group>"; };
		447DA6041B88C7B000943378 /* GameScene.sks */ = {isa = PBXFileReference; lastKnownFileType = file.sks; path = GameScene.sks; sourceTree = "<group>"; };
		447DA6061B88C7B000943378 /* GameScene.swift */ = {isa = PBXFileReference; lastKnownFileType = sourcecode.swift; path = GameScene.swift; sourceTree = "<group>"; };
		447DA6081B88C7B000943378 /* GameViewController.swift */ = {isa = PBXFileReference; lastKnownFileType = sourcecode.swift; path = GameViewController.swift; sourceTree = "<group>"; };
		447DA60B1B88C7B000943378 /* Base */ = {isa = PBXFileReference; lastKnownFileType = file.storyboard; name = Base; path = Base.lproj/Main.storyboard; sourceTree = "<group>"; };
		447DA60D1B88C7B000943378 /* Images.xcassets */ = {isa = PBXFileReference; lastKnownFileType = folder.assetcatalog; path = Images.xcassets; sourceTree = "<group>"; };
		447DA6101B88C7B000943378 /* Base */ = {isa = PBXFileReference; lastKnownFileType = file.xib; name = Base; path = Base.lproj/LaunchScreen.xib; sourceTree = "<group>"; };
		447DA6161B88C7B000943378 /* MathMusicProjectTests.xctest */ = {isa = PBXFileReference; explicitFileType = wrapper.cfbundle; includeInIndex = 0; path = MathMusicProjectTests.xctest; sourceTree = BUILT_PRODUCTS_DIR; };
		447DA61B1B88C7B000943378 /* Info.plist */ = {isa = PBXFileReference; lastKnownFileType = text.plist.xml; path = Info.plist; sourceTree = "<group>"; };
		447DA61C1B88C7B000943378 /* MathMusicProjectTests.swift */ = {isa = PBXFileReference; lastKnownFileType = sourcecode.swift; path = MathMusicProjectTests.swift; sourceTree = "<group>"; };
		447DA6261B88C9D200943378 /* MenuScene.swift */ = {isa = PBXFileReference; fileEncoding = 4; lastKnownFileType = sourcecode.swift; path = MenuScene.swift; sourceTree = "<group>"; };
		447DA6281B88C9E600943378 /* MenuScene.sks */ = {isa = PBXFileReference; lastKnownFileType = file.sks; path = MenuScene.sks; sourceTree = "<group>"; };
		447DA62E1B88CEB800943378 /* menuBackground.jpg */ = {isa = PBXFileReference; lastKnownFileType = image.jpeg; path = menuBackground.jpg; sourceTree = "<group>"; };
		447DA6321B88D99800943378 /* Note1.atlas */ = {isa = PBXFileReference; lastKnownFileType = folder.skatlas; path = Note1.atlas; sourceTree = "<group>"; };
/* End PBXFileReference section */

/* Begin PBXFrameworksBuildPhase section */
		447DA5FA1B88C7B000943378 /* Frameworks */ = {
			isa = PBXFrameworksBuildPhase;
			buildActionMask = 2147483647;
			files = (
			);
			runOnlyForDeploymentPostprocessing = 0;
		};
		447DA6131B88C7B000943378 /* Frameworks */ = {
			isa = PBXFrameworksBuildPhase;
			buildActionMask = 2147483647;
			files = (
			);
			runOnlyForDeploymentPostprocessing = 0;
		};
/* End PBXFrameworksBuildPhase section */

/* Begin PBXGroup section */
		44112D881B8CAD5400263C02 /* PlaceHolder */ = {
			isa = PBXGroup;
			children = (
				44112D951B8CBAC400263C02 /* back.png */,
				4449180F1B8F41FA00DD81E1 /* stringGameScene.jpg */,
				4449180D1B8F40FB00DD81E1 /* eaterGameScene.png */,
				44112D8B1B8CADE400263C02 /* backgroundGame3.jpg */,
				444918111B8F475100DD81E1 /* colcheia.png */,
				44112D891B8CAD6D00263C02 /* backgroundGame2.jpg */,
			);
			name = PlaceHolder;
			sourceTree = "<group>";
		};
		447DA5F41B88C7B000943378 = {
			isa = PBXGroup;
			children = (
				447DA5FF1B88C7B000943378 /* MathMusicProject */,
				447DA6191B88C7B000943378 /* MathMusicProjectTests */,
				447DA5FE1B88C7B000943378 /* Products */,
			);
			sourceTree = "<group>";
		};
		447DA5FE1B88C7B000943378 /* Products */ = {
			isa = PBXGroup;
			children = (
				447DA5FD1B88C7B000943378 /* MathMusicProject.app */,
				447DA6161B88C7B000943378 /* MathMusicProjectTests.xctest */,
			);
			name = Products;
			sourceTree = "<group>";
		};
		447DA5FF1B88C7B000943378 /* MathMusicProject */ = {
			isa = PBXGroup;
			children = (
				447DA62A1B88CE0D00943378 /* Images */,
				447DA6311B88D95700943378 /* New Group */,
				447DA6021B88C7B000943378 /* AppDelegate.swift */,
				447DA6081B88C7B000943378 /* GameViewController.swift */,
				447DA6041B88C7B000943378 /* GameScene.sks */,
				447DA6061B88C7B000943378 /* GameScene.swift */,
				447DA6281B88C9E600943378 /* MenuScene.sks */,
				447DA6261B88C9D200943378 /* MenuScene.swift */,
				44112D841B8CA7DA00263C02 /* StringGameScene.sks */,
				44112D861B8CA7FB00263C02 /* StringGameScene.swift */,
				44112D931B8CB13600263C02 /* AttackGameScene.sks */,
				44112D8D1B8CAFC900263C02 /* AttackGameScene.swift */,
				44112D911B8CB02100263C02 /* EaterGameScene.sks */,
				44112D8F1B8CB00400263C02 /* EaterGameScene.swift */,
				447DA60A1B88C7B000943378 /* Main.storyboard */,
				447DA60D1B88C7B000943378 /* Images.xcassets */,
				447DA60F1B88C7B000943378 /* LaunchScreen.xib */,
				447DA6001B88C7B000943378 /* Supporting Files */,
			);
			path = MathMusicProject;
			sourceTree = "<group>";
		};
		447DA6001B88C7B000943378 /* Supporting Files */ = {
			isa = PBXGroup;
			children = (
				447DA6011B88C7B000943378 /* Info.plist */,
			);
			name = "Supporting Files";
			sourceTree = "<group>";
		};
		447DA6191B88C7B000943378 /* MathMusicProjectTests */ = {
			isa = PBXGroup;
			children = (
				447DA61C1B88C7B000943378 /* MathMusicProjectTests.swift */,
				447DA61A1B88C7B000943378 /* Supporting Files */,
			);
			path = MathMusicProjectTests;
			sourceTree = "<group>";
		};
		447DA61A1B88C7B000943378 /* Supporting Files */ = {
			isa = PBXGroup;
			children = (
				447DA61B1B88C7B000943378 /* Info.plist */,
			);
			name = "Supporting Files";
			sourceTree = "<group>";
		};
		447DA62A1B88CE0D00943378 /* Images */ = {
			isa = PBXGroup;
			children = (
				44112D881B8CAD5400263C02 /* PlaceHolder */,
				447DA6341B88D9BF00943378 /* Notes */,
				447DA62B1B88CE1B00943378 /* Backgrounds */,
			);
			name = Images;
			sourceTree = "<group>";
		};
		447DA62B1B88CE1B00943378 /* Backgrounds */ = {
			isa = PBXGroup;
			children = (
				447DA62E1B88CEB800943378 /* menuBackground.jpg */,
			);
			name = Backgrounds;
			sourceTree = "<group>";
		};
		447DA6311B88D95700943378 /* New Group */ = {
			isa = PBXGroup;
			children = (
			);
			name = "New Group";
			sourceTree = "<group>";
		};
		447DA6341B88D9BF00943378 /* Notes */ = {
			isa = PBXGroup;
			children = (
				447DA6321B88D99800943378 /* Note1.atlas */,
			);
			name = Notes;
			sourceTree = "<group>";
		};
/* End PBXGroup section */

/* Begin PBXNativeTarget section */
		447DA5FC1B88C7B000943378 /* MathMusicProject */ = {
			isa = PBXNativeTarget;
			buildConfigurationList = 447DA6201B88C7B000943378 /* Build configuration list for PBXNativeTarget "MathMusicProject" */;
			buildPhases = (
				447DA5F91B88C7B000943378 /* Sources */,
				447DA5FA1B88C7B000943378 /* Frameworks */,
				447DA5FB1B88C7B000943378 /* Resources */,
			);
			buildRules = (
			);
			dependencies = (
			);
			name = MathMusicProject;
			productName = MathMusicProject;
			productReference = 447DA5FD1B88C7B000943378 /* MathMusicProject.app */;
			productType = "com.apple.product-type.application";
		};
		447DA6151B88C7B000943378 /* MathMusicProjectTests */ = {
			isa = PBXNativeTarget;
			buildConfigurationList = 447DA6231B88C7B000943378 /* Build configuration list for PBXNativeTarget "MathMusicProjectTests" */;
			buildPhases = (
				447DA6121B88C7B000943378 /* Sources */,
				447DA6131B88C7B000943378 /* Frameworks */,
				447DA6141B88C7B000943378 /* Resources */,
			);
			buildRules = (
			);
			dependencies = (
				447DA6181B88C7B000943378 /* PBXTargetDependency */,
			);
			name = MathMusicProjectTests;
			productName = MathMusicProjectTests;
			productReference = 447DA6161B88C7B000943378 /* MathMusicProjectTests.xctest */;
			productType = "com.apple.product-type.bundle.unit-test";
		};
/* End PBXNativeTarget section */

/* Begin PBXProject section */
		447DA5F51B88C7B000943378 /* Project object */ = {
			isa = PBXProject;
			attributes = {
				LastUpgradeCheck = 0640;
				ORGANIZATIONNAME = Bebip;
				TargetAttributes = {
					447DA5FC1B88C7B000943378 = {
						CreatedOnToolsVersion = 6.4;
					};
					447DA6151B88C7B000943378 = {
						CreatedOnToolsVersion = 6.4;
						TestTargetID = 447DA5FC1B88C7B000943378;
					};
				};
			};
			buildConfigurationList = 447DA5F81B88C7B000943378 /* Build configuration list for PBXProject "MathMusicProject" */;
			compatibilityVersion = "Xcode 3.2";
			developmentRegion = English;
			hasScannedForEncodings = 0;
			knownRegions = (
				en,
				Base,
			);
			mainGroup = 447DA5F41B88C7B000943378;
			productRefGroup = 447DA5FE1B88C7B000943378 /* Products */;
			projectDirPath = "";
			projectRoot = "";
			targets = (
				447DA5FC1B88C7B000943378 /* MathMusicProject */,
				447DA6151B88C7B000943378 /* MathMusicProjectTests */,
			);
		};
/* End PBXProject section */

/* Begin PBXResourcesBuildPhase section */
		447DA5FB1B88C7B000943378 /* Resources */ = {
			isa = PBXResourcesBuildPhase;
			buildActionMask = 2147483647;
			files = (
				447DA6331B88D99800943378 /* Note1.atlas in Resources */,
				44112D8C1B8CADE400263C02 /* backgroundGame3.jpg in Resources */,
				4449180E1B8F40FB00DD81E1 /* eaterGameScene.png in Resources */,
				44112D941B8CB13600263C02 /* AttackGameScene.sks in Resources */,
				44112D851B8CA7DA00263C02 /* StringGameScene.sks in Resources */,
				44112D921B8CB02100263C02 /* EaterGameScene.sks in Resources */,
				447DA6111B88C7B000943378 /* LaunchScreen.xib in Resources */,
				444918121B8F475100DD81E1 /* colcheia.png in Resources */,
				44112D961B8CBAC400263C02 /* back.png in Resources */,
				447DA60E1B88C7B000943378 /* Images.xcassets in Resources */,
				444918101B8F41FA00DD81E1 /* stringGameScene.jpg in Resources */,
				44112D8A1B8CAD6D00263C02 /* backgroundGame2.jpg in Resources */,
				447DA6051B88C7B000943378 /* GameScene.sks in Resources */,
				447DA6291B88C9E600943378 /* MenuScene.sks in Resources */,
				447DA62F1B88CEB800943378 /* menuBackground.jpg in Resources */,
				447DA60C1B88C7B000943378 /* Main.storyboard in Resources */,
			);
			runOnlyForDeploymentPostprocessing = 0;
		};
		447DA6141B88C7B000943378 /* Resources */ = {
			isa = PBXResourcesBuildPhase;
			buildActionMask = 2147483647;
			files = (
			);
			runOnlyForDeploymentPostprocessing = 0;
		};
/* End PBXResourcesBuildPhase section */

/* Begin PBXSourcesBuildPhase section */
		447DA5F91B88C7B000943378 /* Sources */ = {
			isa = PBXSourcesBuildPhase;
			buildActionMask = 2147483647;
			files = (
				447DA6071B88C7B000943378 /* GameScene.swift in Sources */,
				44112D871B8CA7FB00263C02 /* StringGameScene.swift in Sources */,
				447DA6271B88C9D200943378 /* MenuScene.swift in Sources */,
				447DA6091B88C7B000943378 /* GameViewController.swift in Sources */,
				44112D8E1B8CAFC900263C02 /* AttackGameScene.swift in Sources */,
				44112D901B8CB00400263C02 /* EaterGameScene.swift in Sources */,
				447DA6031B88C7B000943378 /* AppDelegate.swift in Sources */,
			);
			runOnlyForDeploymentPostprocessing = 0;
		};
		447DA6121B88C7B000943378 /* Sources */ = {
			isa = PBXSourcesBuildPhase;
			buildActionMask = 2147483647;
			files = (
				447DA61D1B88C7B000943378 /* MathMusicProjectTests.swift in Sources */,
			);
			runOnlyForDeploymentPostprocessing = 0;
		};
/* End PBXSourcesBuildPhase section */

/* Begin PBXTargetDependency section */
		447DA6181B88C7B000943378 /* PBXTargetDependency */ = {
			isa = PBXTargetDependency;
			target = 447DA5FC1B88C7B000943378 /* MathMusicProject */;
			targetProxy = 447DA6171B88C7B000943378 /* PBXContainerItemProxy */;
		};
/* End PBXTargetDependency section */

/* Begin PBXVariantGroup section */
		447DA60A1B88C7B000943378 /* Main.storyboard */ = {
			isa = PBXVariantGroup;
			children = (
				447DA60B1B88C7B000943378 /* Base */,
			);
			name = Main.storyboard;
			sourceTree = "<group>";
		};
		447DA60F1B88C7B000943378 /* LaunchScreen.xib */ = {
			isa = PBXVariantGroup;
			children = (
				447DA6101B88C7B000943378 /* Base */,
			);
			name = LaunchScreen.xib;
			sourceTree = "<group>";
		};
/* End PBXVariantGroup section */

/* Begin XCBuildConfiguration section */
		447DA61E1B88C7B000943378 /* Debug */ = {
			isa = XCBuildConfiguration;
			buildSettings = {
				ALWAYS_SEARCH_USER_PATHS = NO;
				CLANG_CXX_LANGUAGE_STANDARD = "gnu++0x";
				CLANG_CXX_LIBRARY = "libc++";
				CLANG_ENABLE_MODULES = YES;
				CLANG_ENABLE_OBJC_ARC = YES;
				CLANG_WARN_BOOL_CONVERSION = YES;
				CLANG_WARN_CONSTANT_CONVERSION = YES;
				CLANG_WARN_DIRECT_OBJC_ISA_USAGE = YES_ERROR;
				CLANG_WARN_EMPTY_BODY = YES;
				CLANG_WARN_ENUM_CONVERSION = YES;
				CLANG_WARN_INT_CONVERSION = YES;
				CLANG_WARN_OBJC_ROOT_CLASS = YES_ERROR;
				CLANG_WARN_UNREACHABLE_CODE = YES;
				CLANG_WARN__DUPLICATE_METHOD_MATCH = YES;
				"CODE_SIGN_IDENTITY[sdk=iphoneos*]" = "iPhone Developer";
				COPY_PHASE_STRIP = NO;
				DEBUG_INFORMATION_FORMAT = "dwarf-with-dsym";
				ENABLE_STRICT_OBJC_MSGSEND = YES;
				GCC_C_LANGUAGE_STANDARD = gnu99;
				GCC_DYNAMIC_NO_PIC = NO;
				GCC_NO_COMMON_BLOCKS = YES;
				GCC_OPTIMIZATION_LEVEL = 0;
				GCC_PREPROCESSOR_DEFINITIONS = (
					"DEBUG=1",
					"$(inherited)",
				);
				GCC_SYMBOLS_PRIVATE_EXTERN = NO;
				GCC_WARN_64_TO_32_BIT_CONVERSION = YES;
				GCC_WARN_ABOUT_RETURN_TYPE = YES_ERROR;
				GCC_WARN_UNDECLARED_SELECTOR = YES;
				GCC_WARN_UNINITIALIZED_AUTOS = YES_AGGRESSIVE;
				GCC_WARN_UNUSED_FUNCTION = YES;
				GCC_WARN_UNUSED_VARIABLE = YES;
				IPHONEOS_DEPLOYMENT_TARGET = 8.4;
				MTL_ENABLE_DEBUG_INFO = YES;
				ONLY_ACTIVE_ARCH = YES;
				SDKROOT = iphoneos;
				SWIFT_OPTIMIZATION_LEVEL = "-Onone";
				TARGETED_DEVICE_FAMILY = "1,2";
			};
			name = Debug;
		};
		447DA61F1B88C7B000943378 /* Release */ = {
			isa = XCBuildConfiguration;
			buildSettings = {
				ALWAYS_SEARCH_USER_PATHS = NO;
				CLANG_CXX_LANGUAGE_STANDARD = "gnu++0x";
				CLANG_CXX_LIBRARY = "libc++";
				CLANG_ENABLE_MODULES = YES;
				CLANG_ENABLE_OBJC_ARC = YES;
				CLANG_WARN_BOOL_CONVERSION = YES;
				CLANG_WARN_CONSTANT_CONVERSION = YES;
				CLANG_WARN_DIRECT_OBJC_ISA_USAGE = YES_ERROR;
				CLANG_WARN_EMPTY_BODY = YES;
				CLANG_WARN_ENUM_CONVERSION = YES;
				CLANG_WARN_INT_CONVERSION = YES;
				CLANG_WARN_OBJC_ROOT_CLASS = YES_ERROR;
				CLANG_WARN_UNREACHABLE_CODE = YES;
				CLANG_WARN__DUPLICATE_METHOD_MATCH = YES;
				"CODE_SIGN_IDENTITY[sdk=iphoneos*]" = "iPhone Developer";
				COPY_PHASE_STRIP = NO;
				DEBUG_INFORMATION_FORMAT = "dwarf-with-dsym";
				ENABLE_NS_ASSERTIONS = NO;
				ENABLE_STRICT_OBJC_MSGSEND = YES;
				GCC_C_LANGUAGE_STANDARD = gnu99;
				GCC_NO_COMMON_BLOCKS = YES;
				GCC_WARN_64_TO_32_BIT_CONVERSION = YES;
				GCC_WARN_ABOUT_RETURN_TYPE = YES_ERROR;
				GCC_WARN_UNDECLARED_SELECTOR = YES;
				GCC_WARN_UNINITIALIZED_AUTOS = YES_AGGRESSIVE;
				GCC_WARN_UNUSED_FUNCTION = YES;
				GCC_WARN_UNUSED_VARIABLE = YES;
				IPHONEOS_DEPLOYMENT_TARGET = 8.4;
				MTL_ENABLE_DEBUG_INFO = NO;
				SDKROOT = iphoneos;
				TARGETED_DEVICE_FAMILY = "1,2";
				VALIDATE_PRODUCT = YES;
			};
			name = Release;
		};
		447DA6211B88C7B000943378 /* Debug */ = {
			isa = XCBuildConfiguration;
			buildSettings = {
				ASSETCATALOG_COMPILER_APPICON_NAME = AppIcon;
				INFOPLIST_FILE = MathMusicProject/Info.plist;
				LD_RUNPATH_SEARCH_PATHS = "$(inherited) @executable_path/Frameworks";
				PRODUCT_NAME = "$(TARGET_NAME)";
				TARGETED_DEVICE_FAMILY = "1,2";
			};
			name = Debug;
		};
		447DA6221B88C7B000943378 /* Release */ = {
			isa = XCBuildConfiguration;
			buildSettings = {
				ASSETCATALOG_COMPILER_APPICON_NAME = AppIcon;
				INFOPLIST_FILE = MathMusicProject/Info.plist;
				LD_RUNPATH_SEARCH_PATHS = "$(inherited) @executable_path/Frameworks";
				PRODUCT_NAME = "$(TARGET_NAME)";
				TARGETED_DEVICE_FAMILY = "1,2";
			};
			name = Release;
		};
		447DA6241B88C7B000943378 /* Debug */ = {
			isa = XCBuildConfiguration;
			buildSettings = {
				BUNDLE_LOADER = "$(TEST_HOST)";
				FRAMEWORK_SEARCH_PATHS = (
					"$(SDKROOT)/Developer/Library/Frameworks",
					"$(inherited)",
				);
				GCC_PREPROCESSOR_DEFINITIONS = (
					"DEBUG=1",
					"$(inherited)",
				);
				INFOPLIST_FILE = MathMusicProjectTests/Info.plist;
				LD_RUNPATH_SEARCH_PATHS = "$(inherited) @executable_path/Frameworks @loader_path/Frameworks";
				PRODUCT_NAME = "$(TARGET_NAME)";
				TEST_HOST = "$(BUILT_PRODUCTS_DIR)/MathMusicProject.app/MathMusicProject";
			};
			name = Debug;
		};
		447DA6251B88C7B000943378 /* Release */ = {
			isa = XCBuildConfiguration;
			buildSettings = {
				BUNDLE_LOADER = "$(TEST_HOST)";
				FRAMEWORK_SEARCH_PATHS = (
					"$(SDKROOT)/Developer/Library/Frameworks",
					"$(inherited)",
				);
				INFOPLIST_FILE = MathMusicProjectTests/Info.plist;
				LD_RUNPATH_SEARCH_PATHS = "$(inherited) @executable_path/Frameworks @loader_path/Frameworks";
				PRODUCT_NAME = "$(TARGET_NAME)";
				TEST_HOST = "$(BUILT_PRODUCTS_DIR)/MathMusicProject.app/MathMusicProject";
			};
			name = Release;
		};
/* End XCBuildConfiguration section */

/* Begin XCConfigurationList section */
		447DA5F81B88C7B000943378 /* Build configuration list for PBXProject "MathMusicProject" */ = {
			isa = XCConfigurationList;
			buildConfigurations = (
				447DA61E1B88C7B000943378 /* Debug */,
				447DA61F1B88C7B000943378 /* Release */,
			);
			defaultConfigurationIsVisible = 0;
			defaultConfigurationName = Release;
		};
		447DA6201B88C7B000943378 /* Build configuration list for PBXNativeTarget "MathMusicProject" */ = {
			isa = XCConfigurationList;
			buildConfigurations = (
				447DA6211B88C7B000943378 /* Debug */,
				447DA6221B88C7B000943378 /* Release */,
			);
			defaultConfigurationIsVisible = 0;
			defaultConfigurationName = Release;
		};
		447DA6231B88C7B000943378 /* Build configuration list for PBXNativeTarget "MathMusicProjectTests" */ = {
			isa = XCConfigurationList;
			buildConfigurations = (
				447DA6241B88C7B000943378 /* Debug */,
				447DA6251B88C7B000943378 /* Release */,
			);
			defaultConfigurationIsVisible = 0;
			defaultConfigurationName = Release;
		};
/* End XCConfigurationList section */
	};
	rootObject = 447DA5F51B88C7B000943378 /* Project object */;
}
